// !$*UTF8*$!
{
	archiveVersion = 1;
	classes = {
	};
	objectVersion = 50;
	objects = {

/* Begin PBXBuildFile section */
		1457EECF25CC794D00682AE0 /* AppDelegate.swift in Sources */ = {isa = PBXBuildFile; fileRef = 1457EECE25CC794D00682AE0 /* AppDelegate.swift */; };
		1457EED125CC794D00682AE0 /* SceneDelegate.swift in Sources */ = {isa = PBXBuildFile; fileRef = 1457EED025CC794D00682AE0 /* SceneDelegate.swift */; };
		1457EED325CC794D00682AE0 /* ContentView.swift in Sources */ = {isa = PBXBuildFile; fileRef = 1457EED225CC794D00682AE0 /* ContentView.swift */; };
		1457EED525CC795100682AE0 /* Assets.xcassets in Resources */ = {isa = PBXBuildFile; fileRef = 1457EED425CC795100682AE0 /* Assets.xcassets */; };
		1457EED825CC795100682AE0 /* Preview Assets.xcassets in Resources */ = {isa = PBXBuildFile; fileRef = 1457EED725CC795100682AE0 /* Preview Assets.xcassets */; };
		1457EEDB25CC795100682AE0 /* LaunchScreen.storyboard in Resources */ = {isa = PBXBuildFile; fileRef = 1457EED925CC795100682AE0 /* LaunchScreen.storyboard */; };
		1457EEE425CC79A400682AE0 /* CodeScanner.swift in Sources */ = {isa = PBXBuildFile; fileRef = 1457EEE325CC79A400682AE0 /* CodeScanner.swift */; };
		1457EEE725CC7A0800682AE0 /* ServerInteraction.swift in Sources */ = {isa = PBXBuildFile; fileRef = 1457EEE625CC7A0800682AE0 /* ServerInteraction.swift */; };
		1457EEEA25CC7A8300682AE0 /* SwiftyJSON.swift in Sources */ = {isa = PBXBuildFile; fileRef = 1457EEE925CC7A8300682AE0 /* SwiftyJSON.swift */; };
		1457EEED25CC7AB300682AE0 /* Routes.swift in Sources */ = {isa = PBXBuildFile; fileRef = 1457EEEC25CC7AB300682AE0 /* Routes.swift */; };
		1457EEF025CC7BB000682AE0 /* Shared.swift in Sources */ = {isa = PBXBuildFile; fileRef = 1457EEEF25CC7BB000682AE0 /* Shared.swift */; };
/* End PBXBuildFile section */

/* Begin PBXFileReference section */
		1457EECB25CC794D00682AE0 /* AMSSimulator.app */ = {isa = PBXFileReference; explicitFileType = wrapper.application; includeInIndex = 0; path = AMSSimulator.app; sourceTree = BUILT_PRODUCTS_DIR; };
		1457EECE25CC794D00682AE0 /* AppDelegate.swift */ = {isa = PBXFileReference; lastKnownFileType = sourcecode.swift; path = AppDelegate.swift; sourceTree = "<group>"; };
		1457EED025CC794D00682AE0 /* SceneDelegate.swift */ = {isa = PBXFileReference; lastKnownFileType = sourcecode.swift; path = SceneDelegate.swift; sourceTree = "<group>"; };
		1457EED225CC794D00682AE0 /* ContentView.swift */ = {isa = PBXFileReference; lastKnownFileType = sourcecode.swift; path = ContentView.swift; sourceTree = "<group>"; };
		1457EED425CC795100682AE0 /* Assets.xcassets */ = {isa = PBXFileReference; lastKnownFileType = folder.assetcatalog; path = Assets.xcassets; sourceTree = "<group>"; };
		1457EED725CC795100682AE0 /* Preview Assets.xcassets */ = {isa = PBXFileReference; lastKnownFileType = folder.assetcatalog; path = "Preview Assets.xcassets"; sourceTree = "<group>"; };
		1457EEDA25CC795100682AE0 /* Base */ = {isa = PBXFileReference; lastKnownFileType = file.storyboard; name = Base; path = Base.lproj/LaunchScreen.storyboard; sourceTree = "<group>"; };
		1457EEDC25CC795100682AE0 /* Info.plist */ = {isa = PBXFileReference; lastKnownFileType = text.plist.xml; path = Info.plist; sourceTree = "<group>"; };
		1457EEE325CC79A400682AE0 /* CodeScanner.swift */ = {isa = PBXFileReference; fileEncoding = 4; lastKnownFileType = sourcecode.swift; path = CodeScanner.swift; sourceTree = "<group>"; };
		1457EEE625CC7A0800682AE0 /* ServerInteraction.swift */ = {isa = PBXFileReference; lastKnownFileType = sourcecode.swift; path = ServerInteraction.swift; sourceTree = "<group>"; };
		1457EEE925CC7A8300682AE0 /* SwiftyJSON.swift */ = {isa = PBXFileReference; fileEncoding = 4; lastKnownFileType = sourcecode.swift; path = SwiftyJSON.swift; sourceTree = "<group>"; };
		1457EEEC25CC7AB300682AE0 /* Routes.swift */ = {isa = PBXFileReference; fileEncoding = 4; lastKnownFileType = sourcecode.swift; path = Routes.swift; sourceTree = "<group>"; };
		1457EEEF25CC7BB000682AE0 /* Shared.swift */ = {isa = PBXFileReference; lastKnownFileType = sourcecode.swift; path = Shared.swift; sourceTree = "<group>"; };
/* End PBXFileReference section */

/* Begin PBXFrameworksBuildPhase section */
		1457EEC825CC794D00682AE0 /* Frameworks */ = {
			isa = PBXFrameworksBuildPhase;
			buildActionMask = 2147483647;
			files = (
			);
			runOnlyForDeploymentPostprocessing = 0;
		};
/* End PBXFrameworksBuildPhase section */

/* Begin PBXGroup section */
		1457EEC225CC794C00682AE0 = {
			isa = PBXGroup;
			children = (
				1457EECD25CC794D00682AE0 /* AMSSimulator */,
				1457EECC25CC794D00682AE0 /* Products */,
			);
			sourceTree = "<group>";
		};
		1457EECC25CC794D00682AE0 /* Products */ = {
			isa = PBXGroup;
			children = (
				1457EECB25CC794D00682AE0 /* AMSSimulator.app */,
			);
			name = Products;
			sourceTree = "<group>";
		};
		1457EECD25CC794D00682AE0 /* AMSSimulator */ = {
			isa = PBXGroup;
			children = (
				1457EEEC25CC7AB300682AE0 /* Routes.swift */,
				1457EEE925CC7A8300682AE0 /* SwiftyJSON.swift */,
				1457EEE325CC79A400682AE0 /* CodeScanner.swift */,
				1457EECE25CC794D00682AE0 /* AppDelegate.swift */,
				1457EED025CC794D00682AE0 /* SceneDelegate.swift */,
				1457EED225CC794D00682AE0 /* ContentView.swift */,
				1457EED425CC795100682AE0 /* Assets.xcassets */,
				1457EED925CC795100682AE0 /* LaunchScreen.storyboard */,
				1457EEDC25CC795100682AE0 /* Info.plist */,
				1457EED625CC795100682AE0 /* Preview Content */,
				1457EEE625CC7A0800682AE0 /* ServerInteraction.swift */,
				1457EEEF25CC7BB000682AE0 /* Shared.swift */,
			);
			path = AMSSimulator;
			sourceTree = "<group>";
		};
		1457EED625CC795100682AE0 /* Preview Content */ = {
			isa = PBXGroup;
			children = (
				1457EED725CC795100682AE0 /* Preview Assets.xcassets */,
			);
			path = "Preview Content";
			sourceTree = "<group>";
		};
/* End PBXGroup section */

/* Begin PBXNativeTarget section */
		1457EECA25CC794D00682AE0 /* AMSSimulator */ = {
			isa = PBXNativeTarget;
			buildConfigurationList = 1457EEDF25CC795100682AE0 /* Build configuration list for PBXNativeTarget "AMSSimulator" */;
			buildPhases = (
				1457EEC725CC794D00682AE0 /* Sources */,
				1457EEC825CC794D00682AE0 /* Frameworks */,
				1457EEC925CC794D00682AE0 /* Resources */,
			);
			buildRules = (
			);
			dependencies = (
			);
			name = AMSSimulator;
			productName = AMSSimulator;
			productReference = 1457EECB25CC794D00682AE0 /* AMSSimulator.app */;
			productType = "com.apple.product-type.application";
		};
/* End PBXNativeTarget section */

/* Begin PBXProject section */
		1457EEC325CC794C00682AE0 /* Project object */ = {
			isa = PBXProject;
			attributes = {
				LastSwiftUpdateCheck = 1200;
				LastUpgradeCheck = 1200;
				TargetAttributes = {
					1457EECA25CC794D00682AE0 = {
						CreatedOnToolsVersion = 12.0.1;
					};
				};
			};
			buildConfigurationList = 1457EEC625CC794C00682AE0 /* Build configuration list for PBXProject "AMSSimulator" */;
			compatibilityVersion = "Xcode 9.3";
			developmentRegion = en;
			hasScannedForEncodings = 0;
			knownRegions = (
				en,
				Base,
			);
			mainGroup = 1457EEC225CC794C00682AE0;
			productRefGroup = 1457EECC25CC794D00682AE0 /* Products */;
			projectDirPath = "";
			projectRoot = "";
			targets = (
				1457EECA25CC794D00682AE0 /* AMSSimulator */,
			);
		};
/* End PBXProject section */

/* Begin PBXResourcesBuildPhase section */
		1457EEC925CC794D00682AE0 /* Resources */ = {
			isa = PBXResourcesBuildPhase;
			buildActionMask = 2147483647;
			files = (
				1457EEDB25CC795100682AE0 /* LaunchScreen.storyboard in Resources */,
				1457EED825CC795100682AE0 /* Preview Assets.xcassets in Resources */,
				1457EED525CC795100682AE0 /* Assets.xcassets in Resources */,
			);
			runOnlyForDeploymentPostprocessing = 0;
		};
/* End PBXResourcesBuildPhase section */

/* Begin PBXSourcesBuildPhase section */
		1457EEC725CC794D00682AE0 /* Sources */ = {
			isa = PBXSourcesBuildPhase;
			buildActionMask = 2147483647;
			files = (
				1457EEE725CC7A0800682AE0 /* ServerInteraction.swift in Sources */,
				1457EEED25CC7AB300682AE0 /* Routes.swift in Sources */,
				1457EECF25CC794D00682AE0 /* AppDelegate.swift in Sources */,
				1457EEE425CC79A400682AE0 /* CodeScanner.swift in Sources */,
				1457EEEA25CC7A8300682AE0 /* SwiftyJSON.swift in Sources */,
				1457EED125CC794D00682AE0 /* SceneDelegate.swift in Sources */,
				1457EEF025CC7BB000682AE0 /* Shared.swift in Sources */,
				1457EED325CC794D00682AE0 /* ContentView.swift in Sources */,
			);
			runOnlyForDeploymentPostprocessing = 0;
		};
/* End PBXSourcesBuildPhase section */

/* Begin PBXVariantGroup section */
		1457EED925CC795100682AE0 /* LaunchScreen.storyboard */ = {
			isa = PBXVariantGroup;
			children = (
				1457EEDA25CC795100682AE0 /* Base */,
			);
			name = LaunchScreen.storyboard;
			sourceTree = "<group>";
		};
/* End PBXVariantGroup section */

/* Begin XCBuildConfiguration section */
		1457EEDD25CC795100682AE0 /* Debug */ = {
			isa = XCBuildConfiguration;
			buildSettings = {
				ALWAYS_SEARCH_USER_PATHS = NO;
				CLANG_ANALYZER_NONNULL = YES;
				CLANG_ANALYZER_NUMBER_OBJECT_CONVERSION = YES_AGGRESSIVE;
				CLANG_CXX_LANGUAGE_STANDARD = "gnu++14";
				CLANG_CXX_LIBRARY = "libc++";
				CLANG_ENABLE_MODULES = YES;
				CLANG_ENABLE_OBJC_ARC = YES;
				CLANG_ENABLE_OBJC_WEAK = YES;
				CLANG_WARN_BLOCK_CAPTURE_AUTORELEASING = YES;
				CLANG_WARN_BOOL_CONVERSION = YES;
				CLANG_WARN_COMMA = YES;
				CLANG_WARN_CONSTANT_CONVERSION = YES;
				CLANG_WARN_DEPRECATED_OBJC_IMPLEMENTATIONS = YES;
				CLANG_WARN_DIRECT_OBJC_ISA_USAGE = YES_ERROR;
				CLANG_WARN_DOCUMENTATION_COMMENTS = YES;
				CLANG_WARN_EMPTY_BODY = YES;
				CLANG_WARN_ENUM_CONVERSION = YES;
				CLANG_WARN_INFINITE_RECURSION = YES;
				CLANG_WARN_INT_CONVERSION = YES;
				CLANG_WARN_NON_LITERAL_NULL_CONVERSION = YES;
				CLANG_WARN_OBJC_IMPLICIT_RETAIN_SELF = YES;
				CLANG_WARN_OBJC_LITERAL_CONVERSION = YES;
				CLANG_WARN_OBJC_ROOT_CLASS = YES_ERROR;
				CLANG_WARN_QUOTED_INCLUDE_IN_FRAMEWORK_HEADER = YES;
				CLANG_WARN_RANGE_LOOP_ANALYSIS = YES;
				CLANG_WARN_STRICT_PROTOTYPES = YES;
				CLANG_WARN_SUSPICIOUS_MOVE = YES;
				CLANG_WARN_UNGUARDED_AVAILABILITY = YES_AGGRESSIVE;
				CLANG_WARN_UNREACHABLE_CODE = YES;
				CLANG_WARN__DUPLICATE_METHOD_MATCH = YES;
				COPY_PHASE_STRIP = NO;
				DEBUG_INFORMATION_FORMAT = dwarf;
				ENABLE_STRICT_OBJC_MSGSEND = YES;
				ENABLE_TESTABILITY = YES;
				GCC_C_LANGUAGE_STANDARD = gnu11;
				GCC_DYNAMIC_NO_PIC = NO;
				GCC_NO_COMMON_BLOCKS = YES;
				GCC_OPTIMIZATION_LEVEL = 0;
				GCC_PREPROCESSOR_DEFINITIONS = (
					"DEBUG=1",
					"$(inherited)",
				);
				GCC_WARN_64_TO_32_BIT_CONVERSION = YES;
				GCC_WARN_ABOUT_RETURN_TYPE = YES_ERROR;
				GCC_WARN_UNDECLARED_SELECTOR = YES;
				GCC_WARN_UNINITIALIZED_AUTOS = YES_AGGRESSIVE;
				GCC_WARN_UNUSED_FUNCTION = YES;
				GCC_WARN_UNUSED_VARIABLE = YES;
				IPHONEOS_DEPLOYMENT_TARGET = 14.0;
				MTL_ENABLE_DEBUG_INFO = INCLUDE_SOURCE;
				MTL_FAST_MATH = YES;
				ONLY_ACTIVE_ARCH = YES;
				SDKROOT = iphoneos;
				SWIFT_ACTIVE_COMPILATION_CONDITIONS = DEBUG;
				SWIFT_OPTIMIZATION_LEVEL = "-Onone";
			};
			name = Debug;
		};
		1457EEDE25CC795100682AE0 /* Release */ = {
			isa = XCBuildConfiguration;
			buildSettings = {
				ALWAYS_SEARCH_USER_PATHS = NO;
				CLANG_ANALYZER_NONNULL = YES;
				CLANG_ANALYZER_NUMBER_OBJECT_CONVERSION = YES_AGGRESSIVE;
				CLANG_CXX_LANGUAGE_STANDARD = "gnu++14";
				CLANG_CXX_LIBRARY = "libc++";
				CLANG_ENABLE_MODULES = YES;
				CLANG_ENABLE_OBJC_ARC = YES;
				CLANG_ENABLE_OBJC_WEAK = YES;
				CLANG_WARN_BLOCK_CAPTURE_AUTORELEASING = YES;
				CLANG_WARN_BOOL_CONVERSION = YES;
				CLANG_WARN_COMMA = YES;
				CLANG_WARN_CONSTANT_CONVERSION = YES;
				CLANG_WARN_DEPRECATED_OBJC_IMPLEMENTATIONS = YES;
				CLANG_WARN_DIRECT_OBJC_ISA_USAGE = YES_ERROR;
				CLANG_WARN_DOCUMENTATION_COMMENTS = YES;
				CLANG_WARN_EMPTY_BODY = YES;
				CLANG_WARN_ENUM_CONVERSION = YES;
				CLANG_WARN_INFINITE_RECURSION = YES;
				CLANG_WARN_INT_CONVERSION = YES;
				CLANG_WARN_NON_LITERAL_NULL_CONVERSION = YES;
				CLANG_WARN_OBJC_IMPLICIT_RETAIN_SELF = YES;
				CLANG_WARN_OBJC_LITERAL_CONVERSION = YES;
				CLANG_WARN_OBJC_ROOT_CLASS = YES_ERROR;
				CLANG_WARN_QUOTED_INCLUDE_IN_FRAMEWORK_HEADER = YES;
				CLANG_WARN_RANGE_LOOP_ANALYSIS = YES;
				CLANG_WARN_STRICT_PROTOTYPES = YES;
				CLANG_WARN_SUSPICIOUS_MOVE = YES;
				CLANG_WARN_UNGUARDED_AVAILABILITY = YES_AGGRESSIVE;
				CLANG_WARN_UNREACHABLE_CODE = YES;
				CLANG_WARN__DUPLICATE_METHOD_MATCH = YES;
				COPY_PHASE_STRIP = NO;
				DEBUG_INFORMATION_FORMAT = "dwarf-with-dsym";
				ENABLE_NS_ASSERTIONS = NO;
				ENABLE_STRICT_OBJC_MSGSEND = YES;
				GCC_C_LANGUAGE_STANDARD = gnu11;
				GCC_NO_COMMON_BLOCKS = YES;
				GCC_WARN_64_TO_32_BIT_CONVERSION = YES;
				GCC_WARN_ABOUT_RETURN_TYPE = YES_ERROR;
				GCC_WARN_UNDECLARED_SELECTOR = YES;
				GCC_WARN_UNINITIALIZED_AUTOS = YES_AGGRESSIVE;
				GCC_WARN_UNUSED_FUNCTION = YES;
				GCC_WARN_UNUSED_VARIABLE = YES;
				IPHONEOS_DEPLOYMENT_TARGET = 14.0;
				MTL_ENABLE_DEBUG_INFO = NO;
				MTL_FAST_MATH = YES;
				SDKROOT = iphoneos;
				SWIFT_COMPILATION_MODE = wholemodule;
				SWIFT_OPTIMIZATION_LEVEL = "-O";
				VALIDATE_PRODUCT = YES;
			};
			name = Release;
		};
		1457EEE025CC795100682AE0 /* Debug */ = {
			isa = XCBuildConfiguration;
			buildSettings = {
				ASSETCATALOG_COMPILER_APPICON_NAME = AppIcon;
				ASSETCATALOG_COMPILER_GLOBAL_ACCENT_COLOR_NAME = AccentColor;
				CODE_SIGN_STYLE = Automatic;
				DEVELOPMENT_ASSET_PATHS = "\"AMSSimulator/Preview Content\"";
				DEVELOPMENT_TEAM = MY4L9754KA;
				ENABLE_PREVIEWS = YES;
				INFOPLIST_FILE = AMSSimulator/Info.plist;
				LD_RUNPATH_SEARCH_PATHS = (
					"$(inherited)",
					"@executable_path/Frameworks",
				);
				PRODUCT_BUNDLE_IDENTIFIER = it.polimi.SE2.RiccioSorrentinoTriuzzi.AMSSimulator;
				PRODUCT_NAME = "$(TARGET_NAME)";
				SWIFT_VERSION = 5.0;
				TARGETED_DEVICE_FAMILY = "1,2";
			};
			name = Debug;
		};
		1457EEE125CC795100682AE0 /* Release */ = {
			isa = XCBuildConfiguration;
			buildSettings = {
				ASSETCATALOG_COMPILER_APPICON_NAME = AppIcon;
				ASSETCATALOG_COMPILER_GLOBAL_ACCENT_COLOR_NAME = AccentColor;
				CODE_SIGN_STYLE = Automatic;
				DEVELOPMENT_ASSET_PATHS = "\"AMSSimulator/Preview Content\"";
				DEVELOPMENT_TEAM = MY4L9754KA;
				ENABLE_PREVIEWS = YES;
				INFOPLIST_FILE = AMSSimulator/Info.plist;
				LD_RUNPATH_SEARCH_PATHS = (
					"$(inherited)",
					"@executable_path/Frameworks",
				);
				PRODUCT_BUNDLE_IDENTIFIER = it.polimi.SE2.RiccioSorrentinoTriuzzi.AMSSimulator;
				PRODUCT_NAME = "$(TARGET_NAME)";
				SWIFT_VERSION = 5.0;
				TARGETED_DEVICE_FAMILY = "1,2";
			};
			name = Release;
		};
/* End XCBuildConfiguration section */

/* Begin XCConfigurationList section */
		1457EEC625CC794C00682AE0 /* Build configuration list for PBXProject "AMSSimulator" */ = {
			isa = XCConfigurationList;
			buildConfigurations = (
				1457EEDD25CC795100682AE0 /* Debug */,
				1457EEDE25CC795100682AE0 /* Release */,
			);
			defaultConfigurationIsVisible = 0;
			defaultConfigurationName = Release;
		};
		1457EEDF25CC795100682AE0 /* Build configuration list for PBXNativeTarget "AMSSimulator" */ = {
			isa = XCConfigurationList;
			buildConfigurations = (
				1457EEE025CC795100682AE0 /* Debug */,
				1457EEE125CC795100682AE0 /* Release */,
			);
			defaultConfigurationIsVisible = 0;
			defaultConfigurationName = Release;
		};
/* End XCConfigurationList section */
	};
	rootObject = 1457EEC325CC794C00682AE0 /* Project object */;
}
